<?xml version="1.0" encoding="utf-8"?>
<Project ToolsVersion="4.0" xmlns="http://schemas.microsoft.com/developer/msbuild/2003">
  <ItemGroup>
    <Filter Include="SampleGame">
      <UniqueIdentifier>{3BD455E3-C243-3B48-AC31-A7600948691C}</UniqueIdentifier>
    </Filter>
  </ItemGroup>
  <ItemGroup>
    <ClCompile Include="SampleGame\SampleGame.cpp">
      <Filter>SampleGame</Filter>
    </ClCompile>
  </ItemGroup>
</Project>
