<?xml version="1.0" encoding="utf-8"?>
<Project ToolsVersion="4.0" xmlns="http://schemas.microsoft.com/developer/msbuild/2003">
  <ItemGroup>
    <Filter Include="Core">
      <UniqueIdentifier>{1FD72A95-F979-35B5-8A6B-B0D89B8BD9EE}</UniqueIdentifier>
    </Filter>
    <Filter Include="Core\Private">
      <UniqueIdentifier>{E66736EA-0F0E-363A-830C-2724EA435C63}</UniqueIdentifier>
    </Filter>
    <Filter Include="Core\Private\Logging">
      <UniqueIdentifier>{64579C9E-228C-32F8-892A-5ECFD148DA3D}</UniqueIdentifier>
    </Filter>
    <Filter Include="Core\Public">
      <UniqueIdentifier>{952E5BDE-3947-38D8-8C36-FD1AE59E332B}</UniqueIdentifier>
    </Filter>
    <Filter Include="Core\Public\Containers">
      <UniqueIdentifier>{2EA4CED6-FDA6-301D-9C88-35E5875D6E8A}</UniqueIdentifier>
    </Filter>
    <Filter Include="Core\Public\HAL">
      <UniqueIdentifier>{A9708FBB-1C0C-3E98-B721-81335F9CF2BC}</UniqueIdentifier>
    </Filter>
    <Filter Include="Core\Public\Logging">
      <UniqueIdentifier>{5F0CC958-0954-30B2-A5AF-CF7D01A73D49}</UniqueIdentifier>
    </Filter>
    <Filter Include="Core\Public\Templates">
      <UniqueIdentifier>{57347ADC-B9B5-36DA-8E9F-F15B24651EE4}</UniqueIdentifier>
    </Filter>
    <Filter Include="Engine">
      <UniqueIdentifier>{DCEDBFB7-7356-351C-B584-5097F9AACC9F}</UniqueIdentifier>
    </Filter>
    <Filter Include="Engine\Private">
      <UniqueIdentifier>{687924DB-7C28-3421-9D6F-8609EA0ED5CE}</UniqueIdentifier>
    </Filter>
    <Filter Include="Engine\Private\Launch">
      <UniqueIdentifier>{EAE10732-6B9F-3897-A287-8A32E2182F32}</UniqueIdentifier>
    </Filter>
    <Filter Include="Engine\Private\Platform">
      <UniqueIdentifier>{45EB86B4-E177-3B7A-8F28-F114BE4678C4}</UniqueIdentifier>
    </Filter>
    <Filter Include="Engine\Private\Platform\Windows">
      <UniqueIdentifier>{BAE0A9CD-C20A-3296-9AC1-1F52B54BE001}</UniqueIdentifier>
    </Filter>
  </ItemGroup>
  <ItemGroup>
    <ClInclude Include="Core\Public\Containers\Array.h">
      <Filter>Core\Public\Containers</Filter>
    </ClInclude>
    <ClInclude Include="Core\Public\Containers\HashMap.h">
      <Filter>Core\Public\Containers</Filter>
    </ClInclude>
    <ClInclude Include="Core\Public\Containers\SeonString.h">
      <Filter>Core\Public\Containers</Filter>
    </ClInclude>
    <ClInclude Include="Core\Public\CoreTypes.h">
      <Filter>Core\Public</Filter>
    </ClInclude>
    <ClInclude Include="Core\Public\HAL\Platform.h">
      <Filter>Core\Public\HAL</Filter>
    </ClInclude>
    <ClInclude Include="Core\Public\HAL\PlatformMisc.h">
      <Filter>Core\Public\HAL</Filter>
    </ClInclude>
    <ClInclude Include="Core\Public\HAL\PlatformProcess.h">
      <Filter>Core\Public\HAL</Filter>
    </ClInclude>
    <ClInclude Include="Core\Public\Logging\LogCategory.h">
      <Filter>Core\Public\Logging</Filter>
    </ClInclude>
    <ClInclude Include="Core\Public\Logging\LogMacros.h">
      <Filter>Core\Public\Logging</Filter>
    </ClInclude>
    <ClInclude Include="Core\Public\Logging\LogRecord.h">
      <Filter>Core\Public\Logging</Filter>
    </ClInclude>
    <ClInclude Include="Core\Public\Logging\LogVerbosity.h">
      <Filter>Core\Public\Logging</Filter>
    </ClInclude>
    <ClInclude Include="Core\Public\Logging\OutputDevice.h">
      <Filter>Core\Public\Logging</Filter>
    </ClInclude>
    <ClInclude Include="Core\Public\Logging\OutputDeviceDebug.h">
      <Filter>Core\Public\Logging</Filter>
    </ClInclude>
    <ClInclude Include="Core\Public\Logging\OutputDeviceHelper.h">
      <Filter>Core\Public\Logging</Filter>
    </ClInclude>
    <ClInclude Include="Core\Public\Logging\OutputDeviceRedirector.h">
      <Filter>Core\Public\Logging</Filter>
    </ClInclude>
    <ClInclude Include="Core\Public\Templates\SharedPointer.h">
      <Filter>Core\Public\Templates</Filter>
    </ClInclude>
    <ClInclude Include="Core\Public\Templates\UniquePtr.h">
      <Filter>Core\Public\Templates</Filter>
    </ClInclude>
    <ClInclude Include="Engine\Private\Launch\EngineMain.h">
      <Filter>Engine\Private\Launch</Filter>
    </ClInclude>
    <ClInclude Include="Engine\Private\Platform\Window.h">
      <Filter>Engine\Private\Platform</Filter>
    </ClInclude>
    <ClInclude Include="Engine\Private\Platform\Windows\WindowsHWrapper.h">
      <Filter>Engine\Private\Platform\Windows</Filter>
    </ClInclude>
    <ClInclude Include="Engine\Private\Platform\Windows\WindowsString.h">
      <Filter>Engine\Private\Platform\Windows</Filter>
    </ClInclude>
  </ItemGroup>
  <ItemGroup>
    <ClCompile Include="Core\Private\Logging\LogMacros.cpp">
      <Filter>Core\Private\Logging</Filter>
    </ClCompile>
    <ClCompile Include="Core\Private\Logging\OutputDeviceDebug.cpp">
      <Filter>Core\Private\Logging</Filter>
    </ClCompile>
    <ClCompile Include="Core\Private\Logging\OutputDeviceHelper.cpp">
      <Filter>Core\Private\Logging</Filter>
    </ClCompile>
    <ClCompile Include="Core\Private\Logging\OutputDeviceRedirector.cpp">
      <Filter>Core\Private\Logging</Filter>
    </ClCompile>
    <ClCompile Include="Engine\Private\Launch\EngineMain.cpp">
      <Filter>Engine\Private\Launch</Filter>
    </ClCompile>
    <ClCompile Include="Engine\Private\Platform\Windows\WindowsLaunch.cpp">
      <Filter>Engine\Private\Platform\Windows</Filter>
    </ClCompile>
    <ClCompile Include="Engine\Private\Platform\Windows\WindowsPlatformMisc.cpp">
      <Filter>Engine\Private\Platform\Windows</Filter>
    </ClCompile>
    <ClCompile Include="Engine\Private\Platform\Windows\WindowsPlatformProcess.cpp">
      <Filter>Engine\Private\Platform\Windows</Filter>
    </ClCompile>
    <ClCompile Include="Engine\Private\Platform\Windows\WindowsString.cpp">
      <Filter>Engine\Private\Platform\Windows</Filter>
    </ClCompile>
    <ClCompile Include="Engine\Private\Platform\Windows\WindowsWindow.cpp">
      <Filter>Engine\Private\Platform\Windows</Filter>
    </ClCompile>
  </ItemGroup>
</Project>
