<?xml version="1.0" encoding="utf-8"?>
<Project ToolsVersion="4.0" xmlns="http://schemas.microsoft.com/developer/msbuild/2003">
  <ItemGroup>
    <Filter Include="Core">
      <UniqueIdentifier>{1FD72A95-F979-35B5-8A6B-B0D89B8BD9EE}</UniqueIdentifier>
    </Filter>
    <Filter Include="Core\Public">
      <UniqueIdentifier>{952E5BDE-3947-38D8-8C36-FD1AE59E332B}</UniqueIdentifier>
    </Filter>
    <Filter Include="Core\Public\Containers">
      <UniqueIdentifier>{2EA4CED6-FDA6-301D-9C88-35E5875D6E8A}</UniqueIdentifier>
    </Filter>
    <Filter Include="Engine">
      <UniqueIdentifier>{DCEDBFB7-7356-351C-B584-5097F9AACC9F}</UniqueIdentifier>
    </Filter>
    <Filter Include="Engine\Private">
      <UniqueIdentifier>{687924DB-7C28-3421-9D6F-8609EA0ED5CE}</UniqueIdentifier>
    </Filter>
    <Filter Include="Engine\Private\Launch">
      <UniqueIdentifier>{EAE10732-6B9F-3897-A287-8A32E2182F32}</UniqueIdentifier>
    </Filter>
    <Filter Include="Engine\Private\Platform">
      <UniqueIdentifier>{45EB86B4-E177-3B7A-8F28-F114BE4678C4}</UniqueIdentifier>
    </Filter>
    <Filter Include="Engine\Private\Platform\Windows">
      <UniqueIdentifier>{BAE0A9CD-C20A-3296-9AC1-1F52B54BE001}</UniqueIdentifier>
    </Filter>
  </ItemGroup>
  <ItemGroup>
    <ClInclude Include="Core\Public\Containers\Array.h">
      <Filter>Core\Public\Containers</Filter>
    </ClInclude>
    <ClInclude Include="Core\Public\Containers\HashMap.h">
      <Filter>Core\Public\Containers</Filter>
    </ClInclude>
    <ClInclude Include="Core\Public\Containers\SeonString.h">
      <Filter>Core\Public\Containers</Filter>
    </ClInclude>
    <ClInclude Include="Core\Public\CoreTypes.h">
      <Filter>Core\Public</Filter>
    </ClInclude>
    <ClInclude Include="Engine\Private\Launch\EngineMain.h">
      <Filter>Engine\Private\Launch</Filter>
    </ClInclude>
    <ClInclude Include="Engine\Private\Platform\Windows\WindowsHeaders.h">
      <Filter>Engine\Private\Platform\Windows</Filter>
    </ClInclude>
  </ItemGroup>
  <ItemGroup>
    <ClCompile Include="Engine\Private\Launch\EngineMain.cpp">
      <Filter>Engine\Private\Launch</Filter>
    </ClCompile>
    <ClCompile Include="Engine\Private\Platform\Windows\WindowsLaunch.cpp">
      <Filter>Engine\Private\Platform\Windows</Filter>
    </ClCompile>
  </ItemGroup>
</Project>
