<?xml version="1.0" encoding="utf-8"?>
<Project ToolsVersion="4.0" xmlns="http://schemas.microsoft.com/developer/msbuild/2003">
  <ItemGroup>
    <Filter Include="Core">
      <UniqueIdentifier>{1FD72A95-F979-35B5-8A6B-B0D89B8BD9EE}</UniqueIdentifier>
    </Filter>
    <Filter Include="CoreUObject">
      <UniqueIdentifier>{B2F674BC-6B2B-3117-9AEF-153CD097292D}</UniqueIdentifier>
    </Filter>
    <Filter Include="CoreUObject\Private">
      <UniqueIdentifier>{36F9473F-648D-374F-BFDD-65C523237681}</UniqueIdentifier>
    </Filter>
    <Filter Include="CoreUObject\Private\UObject">
      <UniqueIdentifier>{70E486C3-3955-3445-9294-704D72DCC174}</UniqueIdentifier>
    </Filter>
    <Filter Include="CoreUObject\Public">
      <UniqueIdentifier>{93D5F918-07A6-3485-93E5-D7B42F19A94C}</UniqueIdentifier>
    </Filter>
    <Filter Include="CoreUObject\Public\UObject">
      <UniqueIdentifier>{4E8FC873-43A6-32EA-90D1-2D8B4AF0D00D}</UniqueIdentifier>
    </Filter>
    <Filter Include="Core\Private">
      <UniqueIdentifier>{E66736EA-0F0E-363A-830C-2724EA435C63}</UniqueIdentifier>
    </Filter>
    <Filter Include="Core\Private\Logging">
      <UniqueIdentifier>{64579C9E-228C-32F8-892A-5ECFD148DA3D}</UniqueIdentifier>
    </Filter>
    <Filter Include="Core\Private\Math">
      <UniqueIdentifier>{49270B34-44EF-3621-BAB6-AF69CE6AD62A}</UniqueIdentifier>
    </Filter>
    <Filter Include="Core\Public">
      <UniqueIdentifier>{952E5BDE-3947-38D8-8C36-FD1AE59E332B}</UniqueIdentifier>
    </Filter>
    <Filter Include="Core\Public\Containers">
      <UniqueIdentifier>{2EA4CED6-FDA6-301D-9C88-35E5875D6E8A}</UniqueIdentifier>
    </Filter>
    <Filter Include="Core\Public\GenericPlatform">
      <UniqueIdentifier>{6AE07915-74D1-333A-9916-97692548F323}</UniqueIdentifier>
    </Filter>
    <Filter Include="Core\Public\HAL">
      <UniqueIdentifier>{A9708FBB-1C0C-3E98-B721-81335F9CF2BC}</UniqueIdentifier>
    </Filter>
    <Filter Include="Core\Public\Logging">
      <UniqueIdentifier>{5F0CC958-0954-30B2-A5AF-CF7D01A73D49}</UniqueIdentifier>
    </Filter>
    <Filter Include="Core\Public\Math">
      <UniqueIdentifier>{13916B0C-FE31-3603-AAF4-35DF3E21DCAD}</UniqueIdentifier>
    </Filter>
    <Filter Include="Core\Public\Templates">
      <UniqueIdentifier>{57347ADC-B9B5-36DA-8E9F-F15B24651EE4}</UniqueIdentifier>
    </Filter>
    <Filter Include="Core\Public\Windows">
      <UniqueIdentifier>{EB957412-6040-32A4-8CB2-C71D220CF010}</UniqueIdentifier>
    </Filter>
    <Filter Include="Engine">
      <UniqueIdentifier>{DCEDBFB7-7356-351C-B584-5097F9AACC9F}</UniqueIdentifier>
    </Filter>
    <Filter Include="Engine\Private">
      <UniqueIdentifier>{687924DB-7C28-3421-9D6F-8609EA0ED5CE}</UniqueIdentifier>
    </Filter>
    <Filter Include="Engine\Private\Engine">
      <UniqueIdentifier>{750BA958-0625-352F-82BF-F64E13FE0244}</UniqueIdentifier>
    </Filter>
    <Filter Include="Engine\Private\Launch">
      <UniqueIdentifier>{EAE10732-6B9F-3897-A287-8A32E2182F32}</UniqueIdentifier>
    </Filter>
    <Filter Include="Engine\Private\Platform">
      <UniqueIdentifier>{45EB86B4-E177-3B7A-8F28-F114BE4678C4}</UniqueIdentifier>
    </Filter>
    <Filter Include="Engine\Private\Platform\GenericPlatform">
      <UniqueIdentifier>{4D454FE4-41B8-3F5C-99F1-28DCB60A1CEF}</UniqueIdentifier>
    </Filter>
    <Filter Include="Engine\Private\Platform\Windows">
      <UniqueIdentifier>{BAE0A9CD-C20A-3296-9AC1-1F52B54BE001}</UniqueIdentifier>
    </Filter>
    <Filter Include="Engine\Private\Renderer">
      <UniqueIdentifier>{43FD1894-B2B8-3F0F-932D-C82C38B79E21}</UniqueIdentifier>
    </Filter>
    <Filter Include="Engine\Private\Renderer\D3D11">
      <UniqueIdentifier>{9C95902A-295F-3493-A221-518497711985}</UniqueIdentifier>
    </Filter>
    <Filter Include="Engine\Public">
      <UniqueIdentifier>{C6A93A3B-6A67-39D9-9CD7-D279F328B158}</UniqueIdentifier>
    </Filter>
    <Filter Include="Engine\Public\Engine">
      <UniqueIdentifier>{6ADB6142-2384-363B-8FF7-D3780AA5E2CC}</UniqueIdentifier>
    </Filter>
    <Filter Include="Engine\Public\Renderer">
      <UniqueIdentifier>{2B3349A1-15FB-3021-88F8-34C9F84A06C0}</UniqueIdentifier>
    </Filter>
    <Filter Include="Shaders">
      <UniqueIdentifier>{E62B007C-16CA-3545-A9A0-0AF87D9B5DF2}</UniqueIdentifier>
    </Filter>
    <Filter Include="Shaders\Private">
      <UniqueIdentifier>{DC6B7202-09E3-3DD6-B3A5-470432747168}</UniqueIdentifier>
    </Filter>
  </ItemGroup>
  <ItemGroup>
    <ClInclude Include="CoreUObject\Public\UObject\Object.h">
      <Filter>CoreUObject\Public\UObject</Filter>
    </ClInclude>
    <ClInclude Include="Core\Public\Containers\Array.h">
      <Filter>Core\Public\Containers</Filter>
    </ClInclude>
    <ClInclude Include="Core\Public\Containers\HashMap.h">
      <Filter>Core\Public\Containers</Filter>
    </ClInclude>
    <ClInclude Include="Core\Public\Containers\SeonString.h">
      <Filter>Core\Public\Containers</Filter>
    </ClInclude>
    <ClInclude Include="Core\Public\CoreTypes.h">
      <Filter>Core\Public</Filter>
    </ClInclude>
    <ClInclude Include="Core\Public\GenericPlatform\GenericPlatformMisc.h">
      <Filter>Core\Public\GenericPlatform</Filter>
    </ClInclude>
    <ClInclude Include="Core\Public\GenericPlatform\GenericPlatformProcess.h">
      <Filter>Core\Public\GenericPlatform</Filter>
    </ClInclude>
    <ClInclude Include="Core\Public\HAL\Platform.h">
      <Filter>Core\Public\HAL</Filter>
    </ClInclude>
    <ClInclude Include="Core\Public\HAL\PlatformMisc.h">
      <Filter>Core\Public\HAL</Filter>
    </ClInclude>
    <ClInclude Include="Core\Public\HAL\PlatformProcess.h">
      <Filter>Core\Public\HAL</Filter>
    </ClInclude>
    <ClInclude Include="Core\Public\HAL\PreprocessorHelpers.h">
      <Filter>Core\Public\HAL</Filter>
    </ClInclude>
    <ClInclude Include="Core\Public\Logging\LogCategory.h">
      <Filter>Core\Public\Logging</Filter>
    </ClInclude>
    <ClInclude Include="Core\Public\Logging\LogMacros.h">
      <Filter>Core\Public\Logging</Filter>
    </ClInclude>
    <ClInclude Include="Core\Public\Logging\LogRecord.h">
      <Filter>Core\Public\Logging</Filter>
    </ClInclude>
    <ClInclude Include="Core\Public\Logging\LogVerbosity.h">
      <Filter>Core\Public\Logging</Filter>
    </ClInclude>
    <ClInclude Include="Core\Public\Logging\OutputDevice.h">
      <Filter>Core\Public\Logging</Filter>
    </ClInclude>
    <ClInclude Include="Core\Public\Logging\OutputDeviceDebug.h">
      <Filter>Core\Public\Logging</Filter>
    </ClInclude>
    <ClInclude Include="Core\Public\Logging\OutputDeviceHelper.h">
      <Filter>Core\Public\Logging</Filter>
    </ClInclude>
    <ClInclude Include="Core\Public\Logging\OutputDeviceRedirector.h">
      <Filter>Core\Public\Logging</Filter>
    </ClInclude>
    <ClInclude Include="Core\Public\Math\Matrix4.h">
      <Filter>Core\Public\Math</Filter>
    </ClInclude>
    <ClInclude Include="Core\Public\Math\Quat.h">
      <Filter>Core\Public\Math</Filter>
    </ClInclude>
    <ClInclude Include="Core\Public\Math\Rotator.h">
      <Filter>Core\Public\Math</Filter>
    </ClInclude>
    <ClInclude Include="Core\Public\Math\Transform.h">
      <Filter>Core\Public\Math</Filter>
    </ClInclude>
    <ClInclude Include="Core\Public\Math\Vector3.h">
      <Filter>Core\Public\Math</Filter>
    </ClInclude>
    <ClInclude Include="Core\Public\Templates\SharedPointer.h">
      <Filter>Core\Public\Templates</Filter>
    </ClInclude>
    <ClInclude Include="Core\Public\Templates\UniquePtr.h">
      <Filter>Core\Public\Templates</Filter>
    </ClInclude>
    <ClInclude Include="Core\Public\Windows\WindowsPlatform.h">
      <Filter>Core\Public\Windows</Filter>
    </ClInclude>
    <ClInclude Include="Core\Public\Windows\WindowsPlatformMisc.h">
      <Filter>Core\Public\Windows</Filter>
    </ClInclude>
    <ClInclude Include="Core\Public\Windows\WindowsPlatformProcess.h">
      <Filter>Core\Public\Windows</Filter>
    </ClInclude>
    <ClInclude Include="Engine\Private\Launch\EngineMain.h">
      <Filter>Engine\Private\Launch</Filter>
    </ClInclude>
    <ClInclude Include="Engine\Private\Launch\LaunchEngineLoop.h">
      <Filter>Engine\Private\Launch</Filter>
    </ClInclude>
    <ClInclude Include="Engine\Private\Platform\GenericPlatform\GenericWindow.h">
      <Filter>Engine\Private\Platform\GenericPlatform</Filter>
    </ClInclude>
    <ClInclude Include="Engine\Private\Platform\Windows\WindowsHWrapper.h">
      <Filter>Engine\Private\Platform\Windows</Filter>
    </ClInclude>
    <ClInclude Include="Engine\Private\Platform\Windows\WindowsString.h">
      <Filter>Engine\Private\Platform\Windows</Filter>
    </ClInclude>
    <ClInclude Include="Engine\Private\Platform\Windows\WindowsWindow.h">
      <Filter>Engine\Private\Platform\Windows</Filter>
    </ClInclude>
    <ClInclude Include="Engine\Private\Renderer\D3D11\D3D11Device.h">
      <Filter>Engine\Private\Renderer\D3D11</Filter>
    </ClInclude>
    <ClInclude Include="Engine\Private\Renderer\D3D11\D3D11Viewport.h">
      <Filter>Engine\Private\Renderer\D3D11</Filter>
    </ClInclude>
    <ClInclude Include="Engine\Private\Renderer\Renderer.h">
      <Filter>Engine\Private\Renderer</Filter>
    </ClInclude>
    <ClInclude Include="Engine\Public\Actor.h">
      <Filter>Engine\Public</Filter>
    </ClInclude>
    <ClInclude Include="Engine\Public\ActorComponent.h">
      <Filter>Engine\Public</Filter>
    </ClInclude>
    <ClInclude Include="Engine\Public\Engine\Engine.h">
      <Filter>Engine\Public\Engine</Filter>
    </ClInclude>
    <ClInclude Include="Engine\Public\Engine\EngineLoop.h">
      <Filter>Engine\Public\Engine</Filter>
    </ClInclude>
    <ClInclude Include="Engine\Public\Engine\EngineTypes.h">
      <Filter>Engine\Public\Engine</Filter>
    </ClInclude>
    <ClInclude Include="Engine\Public\Engine\GameEngine.h">
      <Filter>Engine\Public\Engine</Filter>
    </ClInclude>
    <ClInclude Include="Engine\Public\Engine\GameInstance.h">
      <Filter>Engine\Public\Engine</Filter>
    </ClInclude>
    <ClInclude Include="Engine\Public\Engine\WorldContext.h">
      <Filter>Engine\Public\Engine</Filter>
    </ClInclude>
    <ClInclude Include="Engine\Public\Renderer\RendererInterface.h">
      <Filter>Engine\Public\Renderer</Filter>
    </ClInclude>
    <ClInclude Include="Engine\Public\StaticMeshComponent.h">
      <Filter>Engine\Public</Filter>
    </ClInclude>
    <ClInclude Include="Engine\Public\TransformComponent.h">
      <Filter>Engine\Public</Filter>
    </ClInclude>
    <ClInclude Include="Engine\Public\World.h">
      <Filter>Engine\Public</Filter>
    </ClInclude>
  </ItemGroup>
  <ItemGroup>
    <ClCompile Include="CoreUObject\Private\UObject\Object.cpp">
      <Filter>CoreUObject\Private\UObject</Filter>
    </ClCompile>
    <ClCompile Include="Core\Private\Logging\LogMacros.cpp">
      <Filter>Core\Private\Logging</Filter>
    </ClCompile>
    <ClCompile Include="Core\Private\Logging\OutputDeviceDebug.cpp">
      <Filter>Core\Private\Logging</Filter>
    </ClCompile>
    <ClCompile Include="Core\Private\Logging\OutputDeviceHelper.cpp">
      <Filter>Core\Private\Logging</Filter>
    </ClCompile>
    <ClCompile Include="Core\Private\Logging\OutputDeviceRedirector.cpp">
      <Filter>Core\Private\Logging</Filter>
    </ClCompile>
    <ClCompile Include="Core\Private\Math\Matrix4.cpp">
      <Filter>Core\Private\Math</Filter>
    </ClCompile>
    <ClCompile Include="Core\Private\Math\Quat.cpp">
      <Filter>Core\Private\Math</Filter>
    </ClCompile>
    <ClCompile Include="Core\Private\Math\Rotator.cpp">
      <Filter>Core\Private\Math</Filter>
    </ClCompile>
    <ClCompile Include="Core\Private\Math\Transform.cpp">
      <Filter>Core\Private\Math</Filter>
    </ClCompile>
    <ClCompile Include="Engine\Private\Actor.cpp">
      <Filter>Engine\Private</Filter>
    </ClCompile>
    <ClCompile Include="Engine\Private\ActorComponent.cpp">
      <Filter>Engine\Private</Filter>
    </ClCompile>
    <ClCompile Include="Engine\Private\Engine\Engine.cpp">
      <Filter>Engine\Private\Engine</Filter>
    </ClCompile>
    <ClCompile Include="Engine\Private\Engine\GameEngine.cpp">
      <Filter>Engine\Private\Engine</Filter>
    </ClCompile>
    <ClCompile Include="Engine\Private\Engine\GameInstance.cpp">
      <Filter>Engine\Private\Engine</Filter>
    </ClCompile>
    <ClCompile Include="Engine\Private\Engine\WorldContext.cpp">
      <Filter>Engine\Private\Engine</Filter>
    </ClCompile>
    <ClCompile Include="Engine\Private\Launch\EngineMain.cpp">
      <Filter>Engine\Private\Launch</Filter>
    </ClCompile>
    <ClCompile Include="Engine\Private\Launch\LaunchEngineLoop.cpp">
      <Filter>Engine\Private\Launch</Filter>
    </ClCompile>
    <ClCompile Include="Engine\Private\Platform\Windows\WindowsLaunch.cpp">
      <Filter>Engine\Private\Platform\Windows</Filter>
    </ClCompile>
    <ClCompile Include="Engine\Private\Platform\Windows\WindowsPlatformMisc.cpp">
      <Filter>Engine\Private\Platform\Windows</Filter>
    </ClCompile>
    <ClCompile Include="Engine\Private\Platform\Windows\WindowsPlatformProcess.cpp">
      <Filter>Engine\Private\Platform\Windows</Filter>
    </ClCompile>
    <ClCompile Include="Engine\Private\Platform\Windows\WindowsString.cpp">
      <Filter>Engine\Private\Platform\Windows</Filter>
    </ClCompile>
    <ClCompile Include="Engine\Private\Platform\Windows\WindowsWindow.cpp">
      <Filter>Engine\Private\Platform\Windows</Filter>
    </ClCompile>
    <ClCompile Include="Engine\Private\Renderer\D3D11\D3D11Device.cpp">
      <Filter>Engine\Private\Renderer\D3D11</Filter>
    </ClCompile>
    <ClCompile Include="Engine\Private\Renderer\D3D11\D3D11Viewport.cpp">
      <Filter>Engine\Private\Renderer\D3D11</Filter>
    </ClCompile>
    <ClCompile Include="Engine\Private\Renderer\Renderer.cpp">
      <Filter>Engine\Private\Renderer</Filter>
    </ClCompile>
    <ClCompile Include="Engine\Private\StaticMeshComponent.cpp">
      <Filter>Engine\Private</Filter>
    </ClCompile>
    <ClCompile Include="Engine\Private\TransformComponent.cpp">
      <Filter>Engine\Private</Filter>
    </ClCompile>
    <ClCompile Include="Engine\Private\World.cpp">
      <Filter>Engine\Private</Filter>
    </ClCompile>
  </ItemGroup>
  <ItemGroup>
    <FxCompile Include="..\Shaders\Private\TrianglePixelShader.hlsl">
      <Filter>Shaders\Private</Filter>
    </FxCompile>
    <FxCompile Include="..\Shaders\Private\TriangleVertexShader.hlsl">
      <Filter>Shaders\Private</Filter>
    </FxCompile>
  </ItemGroup>
</Project>
